
Microsoft Visual Studio Solution File, Format Version 12.00
# Visual Studio Version 16
VisualStudioVersion = 16.0.33214.272
MinimumVisualStudioVersion = 10.0.40219.1
Project("{FAE04EC0-301F-11D3-BF4B-00C04F79EFBC}") = "zd_23", "zd_23\zd_23.csproj", "{DB307E61-BB1F-48F3-AC21-46568F14668B}"
EndProject
Global
	GlobalSection(SolutionConfigurationPlatforms) = preSolution
		Debug|Any CPU = Debug|Any CPU
		Release|Any CPU = Release|Any CPU
	EndGlobalSection
	GlobalSection(ProjectConfigurationPlatforms) = postSolution
		{DB307E61-BB1F-48F3-AC21-46568F14668B}.Debug|Any CPU.ActiveCfg = Debug|Any CPU
		{DB307E61-BB1F-48F3-AC21-46568F14668B}.Debug|Any CPU.Build.0 = Debug|Any CPU
		{DB307E61-BB1F-48F3-AC21-46568F14668B}.Release|Any CPU.ActiveCfg = Release|Any CPU
		{DB307E61-BB1F-48F3-AC21-46568F14668B}.Release|Any CPU.Build.0 = Release|Any CPU
	EndGlobalSection
	GlobalSection(SolutionProperties) = preSolution
		HideSolutionNode = FALSE
	EndGlobalSection
	GlobalSection(ExtensibilityGlobals) = postSolution
		SolutionGuid = {1EB7F485-CD9B-4171-9162-4914FC0E47F9}
	EndGlobalSection
EndGlobal
